
Microsoft Visual Studio Solution File, Format Version 12.00
# Visual Studio 15
VisualStudioVersion = 15.0.26730.12
MinimumVisualStudioVersion = 10.0.40219.1
Project("{FAE04EC0-301F-11D3-BF4B-00C04F79EFBC}") = "Graphbook.Web", "Graphbook.Web\Graphbook.Web.csproj", "{5127B83F-15D2-4286-A790-38F3D58F9FE5}"
EndProject
Global
	GlobalSection(SolutionConfigurationPlatforms) = preSolution
		Debug|Any CPU = Debug|Any CPU
		Release|Any CPU = Release|Any CPU
	EndGlobalSection
	GlobalSection(ProjectConfigurationPlatforms) = postSolution
		{5127B83F-15D2-4286-A790-38F3D58F9FE5}.Debug|Any CPU.ActiveCfg = Debug|Any CPU
		{5127B83F-15D2-4286-A790-38F3D58F9FE5}.Debug|Any CPU.Build.0 = Debug|Any CPU
		{5127B83F-15D2-4286-A790-38F3D58F9FE5}.Release|Any CPU.ActiveCfg = Release|Any CPU
		{5127B83F-15D2-4286-A790-38F3D58F9FE5}.Release|Any CPU.Build.0 = Release|Any CPU
	EndGlobalSection
	GlobalSection(SolutionProperties) = preSolution
		HideSolutionNode = FALSE
	EndGlobalSection
	GlobalSection(ExtensibilityGlobals) = postSolution
		SolutionGuid = {F139C384-EEAD-4110-BC03-D8B755F68FE0}
	EndGlobalSection
EndGlobal
